{
  "requires": true,
  "lockfileVersion": 1,
  "dependencies": {
    "react-infinite-scroll-component": {
      "version": "5.0.4",
      "resolved": "https://registry.npmjs.org/react-infinite-scroll-component/-/react-infinite-scroll-component-5.0.4.tgz",
      "integrity": "sha512-wl6MXreH57z6X6uILpRbvt2iaETZDX4HdnHaPy0vp9fVQ01ALM+zvFrG2xk2nsxynXxob2IEFan9eI1CDV2V0A==",
      "requires": {
        "throttle-debounce": "^2.1.0"
      }
    },
    "throttle-debounce": {
      "version": "2.1.0",
      "resolved": "https://registry.npmjs.org/throttle-debounce/-/throttle-debounce-2.1.0.tgz",
      "integrity": "sha512-AOvyNahXQuU7NN+VVvOOX+uW6FPaWdAOdRP5HfwYxAfCzXTFKRMoIMk+n+po318+ktcChx+F1Dd91G3YHeMKyg=="
    }
  }
}
